// !$*UTF8*$!
{
	archiveVersion = 1;
	classes = {
	};
	objectVersion = 46;
	objects = {

/* Begin PBXBuildFile section */
		8332B17C1D70FC120047C67D /* AppDelegate.swift in Sources */ = {isa = PBXBuildFile; fileRef = 8332B17B1D70FC120047C67D /* AppDelegate.swift */; };
		8332B17E1D70FC120047C67D /* ViewController.swift in Sources */ = {isa = PBXBuildFile; fileRef = 8332B17D1D70FC120047C67D /* ViewController.swift */; };
		8332B1811D70FC130047C67D /* Main.storyboard in Resources */ = {isa = PBXBuildFile; fileRef = 8332B17F1D70FC130047C67D /* Main.storyboard */; };
		8332B1831D70FC130047C67D /* Assets.xcassets in Resources */ = {isa = PBXBuildFile; fileRef = 8332B1821D70FC130047C67D /* Assets.xcassets */; };
		8332B1861D70FC130047C67D /* LaunchScreen.storyboard in Resources */ = {isa = PBXBuildFile; fileRef = 8332B1841D70FC130047C67D /* LaunchScreen.storyboard */; };
		8332B18E1D7100F70047C67D /* TipCalculatorModel.swift in Sources */ = {isa = PBXBuildFile; fileRef = 8332B18D1D7100F70047C67D /* TipCalculatorModel.swift */; };
/* End PBXBuildFile section */

/* Begin PBXFileReference section */
		8332B1781D70FC120047C67D /* Tip Calculator.app */ = {isa = PBXFileReference; explicitFileType = wrapper.application; includeInIndex = 0; path = "Tip Calculator.app"; sourceTree = BUILT_PRODUCTS_DIR; };
		8332B17B1D70FC120047C67D /* AppDelegate.swift */ = {isa = PBXFileReference; lastKnownFileType = sourcecode.swift; path = AppDelegate.swift; sourceTree = "<group>"; };
		8332B17D1D70FC120047C67D /* ViewController.swift */ = {isa = PBXFileReference; lastKnownFileType = sourcecode.swift; path = ViewController.swift; sourceTree = "<group>"; };
		8332B1801D70FC130047C67D /* Base */ = {isa = PBXFileReference; lastKnownFileType = file.storyboard; name = Base; path = Base.lproj/Main.storyboard; sourceTree = "<group>"; };
		8332B1821D70FC130047C67D /* Assets.xcassets */ = {isa = PBXFileReference; lastKnownFileType = folder.assetcatalog; path = Assets.xcassets; sourceTree = "<group>"; };
		8332B1851D70FC130047C67D /* Base */ = {isa = PBXFileReference; lastKnownFileType = file.storyboard; name = Base; path = Base.lproj/LaunchScreen.storyboard; sourceTree = "<group>"; };
		8332B1871D70FC130047C67D /* Info.plist */ = {isa = PBXFileReference; lastKnownFileType = text.plist.xml; path = Info.plist; sourceTree = "<group>"; };
		8332B18D1D7100F70047C67D /* TipCalculatorModel.swift */ = {isa = PBXFileReference; fileEncoding = 4; lastKnownFileType = sourcecode.swift; path = TipCalculatorModel.swift; sourceTree = "<group>"; };
/* End PBXFileReference section */

/* Begin PBXFrameworksBuildPhase section */
		8332B1751D70FC120047C67D /* Frameworks */ = {
			isa = PBXFrameworksBuildPhase;
			buildActionMask = 2147483647;
			files = (
			);
			runOnlyForDeploymentPostprocessing = 0;
		};
/* End PBXFrameworksBuildPhase section */

/* Begin PBXGroup section */
		8332B16F1D70FC120047C67D = {
			isa = PBXGroup;
			children = (
				8332B17A1D70FC120047C67D /* Tip Calculator */,
				8332B1791D70FC120047C67D /* Products */,
			);
			sourceTree = "<group>";
		};
		8332B1791D70FC120047C67D /* Products */ = {
			isa = PBXGroup;
			children = (
				8332B1781D70FC120047C67D /* Tip Calculator.app */,
			);
			name = Products;
			sourceTree = "<group>";
		};
		8332B17A1D70FC120047C67D /* Tip Calculator */ = {
			isa = PBXGroup;
			children = (
				8332B17B1D70FC120047C67D /* AppDelegate.swift */,
				8332B17D1D70FC120047C67D /* ViewController.swift */,
				8332B18D1D7100F70047C67D /* TipCalculatorModel.swift */,
				8332B17F1D70FC130047C67D /* Main.storyboard */,
				8332B1821D70FC130047C67D /* Assets.xcassets */,
				8332B1841D70FC130047C67D /* LaunchScreen.storyboard */,
				8332B1871D70FC130047C67D /* Info.plist */,
			);
			path = "Tip Calculator";
			sourceTree = "<group>";
		};
/* End PBXGroup section */

/* Begin PBXNativeTarget section */
		8332B1771D70FC120047C67D /* Tip Calculator */ = {
			isa = PBXNativeTarget;
			buildConfigurationList = 8332B18A1D70FC130047C67D /* Build configuration list for PBXNativeTarget "Tip Calculator" */;
			buildPhases = (
				8332B1741D70FC120047C67D /* Sources */,
				8332B1751D70FC120047C67D /* Frameworks */,
				8332B1761D70FC120047C67D /* Resources */,
			);
			buildRules = (
			);
			dependencies = (
			);
			name = "Tip Calculator";
			productName = "Tip Calculator";
			productReference = 8332B1781D70FC120047C67D /* Tip Calculator.app */;
			productType = "com.apple.product-type.application";
		};
/* End PBXNativeTarget section */

/* Begin PBXProject section */
		8332B1701D70FC120047C67D /* Project object */ = {
			isa = PBXProject;
			attributes = {
				LastSwiftUpdateCheck = 0730;
				LastUpgradeCheck = 0730;
				ORGANIZATIONNAME = "Chris Brown";
				TargetAttributes = {
					8332B1771D70FC120047C67D = {
						CreatedOnToolsVersion = 7.3.1;
					};
				};
			};
			buildConfigurationList = 8332B1731D70FC120047C67D /* Build configuration list for PBXProject "Tip Calculator" */;
			compatibilityVersion = "Xcode 3.2";
			developmentRegion = English;
			hasScannedForEncodings = 0;
			knownRegions = (
				en,
				Base,
			);
			mainGroup = 8332B16F1D70FC120047C67D;
			productRefGroup = 8332B1791D70FC120047C67D /* Products */;
			projectDirPath = "";
			projectRoot = "";
			targets = (
				8332B1771D70FC120047C67D /* Tip Calculator */,
			);
		};
/* End PBXProject section */

/* Begin PBXResourcesBuildPhase section */
		8332B1761D70FC120047C67D /* Resources */ = {
			isa = PBXResourcesBuildPhase;
			buildActionMask = 2147483647;
			files = (
				8332B1861D70FC130047C67D /* LaunchScreen.storyboard in Resources */,
				8332B1831D70FC130047C67D /* Assets.xcassets in Resources */,
				8332B1811D70FC130047C67D /* Main.storyboard in Resources */,
			);
			runOnlyForDeploymentPostprocessing = 0;
		};
/* End PBXResourcesBuildPhase section */

/* Begin PBXSourcesBuildPhase section */
		8332B1741D70FC120047C67D /* Sources */ = {
			isa = PBXSourcesBuildPhase;
			buildActionMask = 2147483647;
			files = (
				8332B18E1D7100F70047C67D /* TipCalculatorModel.swift in Sources */,
				8332B17E1D70FC120047C67D /* ViewController.swift in Sources */,
				8332B17C1D70FC120047C67D /* AppDelegate.swift in Sources */,
			);
			runOnlyForDeploymentPostprocessing = 0;
		};
/* End PBXSourcesBuildPhase section */

/* Begin PBXVariantGroup section */
		8332B17F1D70FC130047C67D /* Main.storyboard */ = {
			isa = PBXVariantGroup;
			children = (
				8332B1801D70FC130047C67D /* Base */,
			);
			name = Main.storyboard;
			sourceTree = "<group>";
		};
		8332B1841D70FC130047C67D /* LaunchScreen.storyboard */ = {
			isa = PBXVariantGroup;
			children = (
				8332B1851D70FC130047C67D /* Base */,
			);
			name = LaunchScreen.storyboard;
			sourceTree = "<group>";
		};
/* End PBXVariantGroup section */

/* Begin XCBuildConfiguration section */
		8332B1881D70FC130047C67D /* Debug */ = {
			isa = XCBuildConfiguration;
			buildSettings = {
				ALWAYS_SEARCH_USER_PATHS = NO;
				CLANG_ANALYZER_NONNULL = YES;
				CLANG_CXX_LANGUAGE_STANDARD = "gnu++0x";
				CLANG_CXX_LIBRARY = "libc++";
				CLANG_ENABLE_MODULES = YES;
				CLANG_ENABLE_OBJC_ARC = YES;
				CLANG_WARN_BOOL_CONVERSION = YES;
				CLANG_WARN_CONSTANT_CONVERSION = YES;
				CLANG_WARN_DIRECT_OBJC_ISA_USAGE = YES_ERROR;
				CLANG_WARN_EMPTY_BODY = YES;
				CLANG_WARN_ENUM_CONVERSION = YES;
				CLANG_WARN_INT_CONVERSION = YES;
				CLANG_WARN_OBJC_ROOT_CLASS = YES_ERROR;
				CLANG_WARN_UNREACHABLE_CODE = YES;
				CLANG_WARN__DUPLICATE_METHOD_MATCH = YES;
				"CODE_SIGN_IDENTITY[sdk=iphoneos*]" = "iPhone Developer";
				COPY_PHASE_STRIP = NO;
				DEBUG_INFORMATION_FORMAT = dwarf;
				ENABLE_STRICT_OBJC_MSGSEND = YES;
				ENABLE_TESTABILITY = YES;
				GCC_C_LANGUAGE_STANDARD = gnu99;
				GCC_DYNAMIC_NO_PIC = NO;
				GCC_NO_COMMON_BLOCKS = YES;
				GCC_OPTIMIZATION_LEVEL = 0;
				GCC_PREPROCESSOR_DEFINITIONS = (
					"DEBUG=1",
					"$(inherited)",
				);
				GCC_WARN_64_TO_32_BIT_CONVERSION = YES;
				GCC_WARN_ABOUT_RETURN_TYPE = YES_ERROR;
				GCC_WARN_UNDECLARED_SELECTOR = YES;
				GCC_WARN_UNINITIALIZED_AUTOS = YES_AGGRESSIVE;
				GCC_WARN_UNUSED_FUNCTION = YES;
				GCC_WARN_UNUSED_VARIABLE = YES;
				IPHONEOS_DEPLOYMENT_TARGET = 9.3;
				MTL_ENABLE_DEBUG_INFO = YES;
				ONLY_ACTIVE_ARCH = YES;
				SDKROOT = iphoneos;
				SWIFT_OPTIMIZATION_LEVEL = "-Onone";
			};
			name = Debug;
		};
		8332B1891D70FC130047C67D /* Release */ = {
			isa = XCBuildConfiguration;
			buildSettings = {
				ALWAYS_SEARCH_USER_PATHS = NO;
				CLANG_ANALYZER_NONNULL = YES;
				CLANG_CXX_LANGUAGE_STANDARD = "gnu++0x";
				CLANG_CXX_LIBRARY = "libc++";
				CLANG_ENABLE_MODULES = YES;
				CLANG_ENABLE_OBJC_ARC = YES;
				CLANG_WARN_BOOL_CONVERSION = YES;
				CLANG_WARN_CONSTANT_CONVERSION = YES;
				CLANG_WARN_DIRECT_OBJC_ISA_USAGE = YES_ERROR;
				CLANG_WARN_EMPTY_BODY = YES;
				CLANG_WARN_ENUM_CONVERSION = YES;
				CLANG_WARN_INT_CONVERSION = YES;
				CLANG_WARN_OBJC_ROOT_CLASS = YES_ERROR;
				CLANG_WARN_UNREACHABLE_CODE = YES;
				CLANG_WARN__DUPLICATE_METHOD_MATCH = YES;
				"CODE_SIGN_IDENTITY[sdk=iphoneos*]" = "iPhone Developer";
				COPY_PHASE_STRIP = NO;
				DEBUG_INFORMATION_FORMAT = "dwarf-with-dsym";
				ENABLE_NS_ASSERTIONS = NO;
				ENABLE_STRICT_OBJC_MSGSEND = YES;
				GCC_C_LANGUAGE_STANDARD = gnu99;
				GCC_NO_COMMON_BLOCKS = YES;
				GCC_WARN_64_TO_32_BIT_CONVERSION = YES;
				GCC_WARN_ABOUT_RETURN_TYPE = YES_ERROR;
				GCC_WARN_UNDECLARED_SELECTOR = YES;
				GCC_WARN_UNINITIALIZED_AUTOS = YES_AGGRESSIVE;
				GCC_WARN_UNUSED_FUNCTION = YES;
				GCC_WARN_UNUSED_VARIABLE = YES;
				IPHONEOS_DEPLOYMENT_TARGET = 9.3;
				MTL_ENABLE_DEBUG_INFO = NO;
				SDKROOT = iphoneos;
				VALIDATE_PRODUCT = YES;
			};
			name = Release;
		};
		8332B18B1D70FC130047C67D /* Debug */ = {
			isa = XCBuildConfiguration;
			buildSettings = {
				ASSETCATALOG_COMPILER_APPICON_NAME = AppIcon;
				INFOPLIST_FILE = "Tip Calculator/Info.plist";
				LD_RUNPATH_SEARCH_PATHS = "$(inherited) @executable_path/Frameworks";
				PRODUCT_BUNDLE_IDENTIFIER = "com.Chris-Brown.Tip-Calculator";
				PRODUCT_NAME = "$(TARGET_NAME)";
			};
			name = Debug;
		};
		8332B18C1D70FC130047C67D /* Release */ = {
			isa = XCBuildConfiguration;
			buildSettings = {
				ASSETCATALOG_COMPILER_APPICON_NAME = AppIcon;
				INFOPLIST_FILE = "Tip Calculator/Info.plist";
				LD_RUNPATH_SEARCH_PATHS = "$(inherited) @executable_path/Frameworks";
				PRODUCT_BUNDLE_IDENTIFIER = "com.Chris-Brown.Tip-Calculator";
				PRODUCT_NAME = "$(TARGET_NAME)";
			};
			name = Release;
		};
/* End XCBuildConfiguration section */

/* Begin XCConfigurationList section */
		8332B1731D70FC120047C67D /* Build configuration list for PBXProject "Tip Calculator" */ = {
			isa = XCConfigurationList;
			buildConfigurations = (
				8332B1881D70FC130047C67D /* Debug */,
				8332B1891D70FC130047C67D /* Release */,
			);
			defaultConfigurationIsVisible = 0;
			defaultConfigurationName = Release;
		};
		8332B18A1D70FC130047C67D /* Build configuration list for PBXNativeTarget "Tip Calculator" */ = {
			isa = XCConfigurationList;
			buildConfigurations = (
				8332B18B1D70FC130047C67D /* Debug */,
				8332B18C1D70FC130047C67D /* Release */,
			);
			defaultConfigurationIsVisible = 0;
		};
/* End XCConfigurationList section */
	};
	rootObject = 8332B1701D70FC120047C67D /* Project object */;
}
